
Microsoft Visual Studio Solution File, Format Version 12.00
# Visual Studio Version 16
VisualStudioVersion = 16.0.31229.75
MinimumVisualStudioVersion = 10.0.40219.1
Project("{9A19103F-16F7-4668-BE54-9A1E7A4F7556}") = "GitHubIssueClassification", "GitHubIssueClassification\GitHubIssueClassification.csproj", "{035446E0-6487-4EF7-870F-DF1A2BC2074B}"
EndProject
Project("{FAE04EC0-301F-11D3-BF4B-00C04F79EFBC}") = "GitHubIssueClassificationWebAPI", "GitHubIssueClassificationWebAPI\GitHubIssueClassificationWebAPI.csproj", "{1479C427-317F-4589-BDC9-57B4B0956221}"
EndProject
Global
	GlobalSection(SolutionConfigurationPlatforms) = preSolution
		Debug|Any CPU = Debug|Any CPU
		Release|Any CPU = Release|Any CPU
	EndGlobalSection
	GlobalSection(ProjectConfigurationPlatforms) = postSolution
		{035446E0-6487-4EF7-870F-DF1A2BC2074B}.Debug|Any CPU.ActiveCfg = Debug|Any CPU
		{035446E0-6487-4EF7-870F-DF1A2BC2074B}.Debug|Any CPU.Build.0 = Debug|Any CPU
		{035446E0-6487-4EF7-870F-DF1A2BC2074B}.Release|Any CPU.ActiveCfg = Release|Any CPU
		{035446E0-6487-4EF7-870F-DF1A2BC2074B}.Release|Any CPU.Build.0 = Release|Any CPU
		{1479C427-317F-4589-BDC9-57B4B0956221}.Debug|Any CPU.ActiveCfg = Debug|Any CPU
		{1479C427-317F-4589-BDC9-57B4B0956221}.Debug|Any CPU.Build.0 = Debug|Any CPU
		{1479C427-317F-4589-BDC9-57B4B0956221}.Release|Any CPU.ActiveCfg = Release|Any CPU
		{1479C427-317F-4589-BDC9-57B4B0956221}.Release|Any CPU.Build.0 = Release|Any CPU
	EndGlobalSection
	GlobalSection(SolutionProperties) = preSolution
		HideSolutionNode = FALSE
	EndGlobalSection
	GlobalSection(ExtensibilityGlobals) = postSolution
		SolutionGuid = {8BE49311-B8E1-4B7A-BB1D-0793510776B7}
	EndGlobalSection
EndGlobal
